// !$*UTF8*$!
{
	archiveVersion = 1;
	classes = {
	};
	objectVersion = 56;
	objects = {

/* Begin PBXBuildFile section */
		B7028EDD2D86430D00583A06 /* StockView.swift in Sources */ = {isa = PBXBuildFile; fileRef = B7028EDC2D86430D00583A06 /* StockView.swift */; };
		B7028EDF2D8646FD00583A06 /* FinancialReportView.swift in Sources */ = {isa = PBXBuildFile; fileRef = B7028EDE2D8646FC00583A06 /* FinancialReportView.swift */; };
		B7028EE12D86E72600583A06 /* DepositViewModel.swift in Sources */ = {isa = PBXBuildFile; fileRef = B7028EE02D86E72600583A06 /* DepositViewModel.swift */; };
		B7028EE32D86E7CC00583A06 /* SearchBar.swift in Sources */ = {isa = PBXBuildFile; fileRef = B7028EE22D86E7CC00583A06 /* SearchBar.swift */; };
		B7028EE52D86F7F100583A06 /* AddGameModal.swift in Sources */ = {isa = PBXBuildFile; fileRef = B7028EE42D86F7F100583A06 /* AddGameModal.swift */; };
		B7028EE72D8707BC00583A06 /* PaymentModal.swift in Sources */ = {isa = PBXBuildFile; fileRef = B7028EE62D8707BC00583A06 /* PaymentModal.swift */; };
		B7028EE92D8707DC00583A06 /* SuccessView.swift in Sources */ = {isa = PBXBuildFile; fileRef = B7028EE82D8707DC00583A06 /* SuccessView.swift */; };
		B7028EEB2D878D3E00583A06 /* AdminView.swift in Sources */ = {isa = PBXBuildFile; fileRef = B7028EEA2D878D3E00583A06 /* AdminView.swift */; };
		B7028EED2D878D5900583A06 /* EventView.swift in Sources */ = {isa = PBXBuildFile; fileRef = B7028EEC2D878D5900583A06 /* EventView.swift */; };
		B7028EEF2D878D6300583A06 /* UserView.swift in Sources */ = {isa = PBXBuildFile; fileRef = B7028EEE2D878D6300583A06 /* UserView.swift */; };
		B7028EF12D878D7800583A06 /* GamesView.swift in Sources */ = {isa = PBXBuildFile; fileRef = B7028EF02D878D7800583A06 /* GamesView.swift */; };
		B7028EF32D878DD200583A06 /* SalesView.swift in Sources */ = {isa = PBXBuildFile; fileRef = B7028EF22D878DD200583A06 /* SalesView.swift */; };
		B7028EF72D878EAF00583A06 /* AdminViewModel.swift in Sources */ = {isa = PBXBuildFile; fileRef = B7028EF62D878EAF00583A06 /* AdminViewModel.swift */; };
		B7028EF92D895F6C00583A06 /* EventListViewModel.swift in Sources */ = {isa = PBXBuildFile; fileRef = B7028EF82D895F6C00583A06 /* EventListViewModel.swift */; };
		B7028EFB2D895F8700583A06 /* EventListView.swift in Sources */ = {isa = PBXBuildFile; fileRef = B7028EFA2D895F8700583A06 /* EventListView.swift */; };
		B7028EFD2D895FE200583A06 /* EventViewModel.swift in Sources */ = {isa = PBXBuildFile; fileRef = B7028EFC2D895FE200583A06 /* EventViewModel.swift */; };
		B7028EFF2D8AE56700583A06 /* UserListView.swift in Sources */ = {isa = PBXBuildFile; fileRef = B7028EFE2D8AE56700583A06 /* UserListView.swift */; };
		B7028F012D8C382F00583A06 /* UserListViewModel.swift in Sources */ = {isa = PBXBuildFile; fileRef = B7028F002D8C382F00583A06 /* UserListViewModel.swift */; };
		B7028F032D8C399300583A06 /* UserViewModel.swift in Sources */ = {isa = PBXBuildFile; fileRef = B7028F022D8C399300583A06 /* UserViewModel.swift */; };
		B76E0B502D84943A00450124 /* BarakaJeuxApp.swift in Sources */ = {isa = PBXBuildFile; fileRef = B76E0B4F2D84943A00450124 /* BarakaJeuxApp.swift */; };
		B76E0B522D84943A00450124 /* ContentView.swift in Sources */ = {isa = PBXBuildFile; fileRef = B76E0B512D84943A00450124 /* ContentView.swift */; };
		B76E0B542D84943B00450124 /* Assets.xcassets in Resources */ = {isa = PBXBuildFile; fileRef = B76E0B532D84943B00450124 /* Assets.xcassets */; };
		B76E0B572D84943B00450124 /* Preview Assets.xcassets in Resources */ = {isa = PBXBuildFile; fileRef = B76E0B562D84943B00450124 /* Preview Assets.xcassets */; };
		B76E0B612D84943B00450124 /* BarakaJeuxTests.swift in Sources */ = {isa = PBXBuildFile; fileRef = B76E0B602D84943B00450124 /* BarakaJeuxTests.swift */; };
		B76E0B6B2D84943B00450124 /* BarakaJeuxUITests.swift in Sources */ = {isa = PBXBuildFile; fileRef = B76E0B6A2D84943B00450124 /* BarakaJeuxUITests.swift */; };
		B76E0B6D2D84943B00450124 /* BarakaJeuxUITestsLaunchTests.swift in Sources */ = {isa = PBXBuildFile; fileRef = B76E0B6C2D84943B00450124 /* BarakaJeuxUITestsLaunchTests.swift */; };
		B76E0B7D2D849B8E00450124 /* LoginView.swift in Sources */ = {isa = PBXBuildFile; fileRef = B76E0B7C2D849B8E00450124 /* LoginView.swift */; };
		B76E0B832D85639800450124 /* HomeView.swift in Sources */ = {isa = PBXBuildFile; fileRef = B76E0B822D85639800450124 /* HomeView.swift */; };
		B76E0B862D85668500450124 /* JSONHelper.swift in Sources */ = {isa = PBXBuildFile; fileRef = B76E0B852D85668500450124 /* JSONHelper.swift */; };
		B76E0B892D85693600450124 /* LoginVIewModel.swift in Sources */ = {isa = PBXBuildFile; fileRef = B76E0B882D85693600450124 /* LoginVIewModel.swift */; };
		B76E0B8D2D8574F400450124 /* DropdownMenu.swift in Sources */ = {isa = PBXBuildFile; fileRef = B76E0B8C2D8574F400450124 /* DropdownMenu.swift */; };
		B76E0B8F2D8629A800450124 /* SellerSearchView.swift in Sources */ = {isa = PBXBuildFile; fileRef = B76E0B8E2D8629A800450124 /* SellerSearchView.swift */; };
		B76E0B912D862C7300450124 /* SearchSellerVIewModel.swift in Sources */ = {isa = PBXBuildFile; fileRef = B76E0B902D862C7300450124 /* SearchSellerVIewModel.swift */; };
		B76E0B9B2D862FF200450124 /* Report.swift in Sources */ = {isa = PBXBuildFile; fileRef = B76E0B932D862FF200450124 /* Report.swift */; };
		B76E0B9C2D862FF200450124 /* Game.swift in Sources */ = {isa = PBXBuildFile; fileRef = B76E0B942D862FF200450124 /* Game.swift */; };
		B76E0B9D2D862FF200450124 /* Event.swift in Sources */ = {isa = PBXBuildFile; fileRef = B76E0B952D862FF200450124 /* Event.swift */; };
		B76E0B9E2D862FF200450124 /* Invoice.swift in Sources */ = {isa = PBXBuildFile; fileRef = B76E0B962D862FF200450124 /* Invoice.swift */; };
		B76E0B9F2D862FF200450124 /* User.swift in Sources */ = {isa = PBXBuildFile; fileRef = B76E0B972D862FF200450124 /* User.swift */; };
		B76E0BA02D862FF200450124 /* Sale.swift in Sources */ = {isa = PBXBuildFile; fileRef = B76E0B982D862FF200450124 /* Sale.swift */; };
		B76E0BA12D862FF200450124 /* Stock.swift in Sources */ = {isa = PBXBuildFile; fileRef = B76E0B992D862FF200450124 /* Stock.swift */; };
		B76E0BA22D862FF200450124 /* GameLabel.swift in Sources */ = {isa = PBXBuildFile; fileRef = B76E0B9A2D862FF200450124 /* GameLabel.swift */; };
		B76E0BA62D8630E900450124 /* DepositView.swift in Sources */ = {isa = PBXBuildFile; fileRef = B76E0BA52D8630E900450124 /* DepositView.swift */; };
		B76E0BA82D86311F00450124 /* NewSellerView.swift in Sources */ = {isa = PBXBuildFile; fileRef = B76E0BA72D86311F00450124 /* NewSellerView.swift */; };
/* End PBXBuildFile section */

/* Begin PBXContainerItemProxy section */
		B76E0B5D2D84943B00450124 /* PBXContainerItemProxy */ = {
			isa = PBXContainerItemProxy;
			containerPortal = B76E0B442D84943A00450124 /* Project object */;
			proxyType = 1;
			remoteGlobalIDString = B76E0B4B2D84943A00450124;
			remoteInfo = BarakaJeux;
		};
		B76E0B672D84943B00450124 /* PBXContainerItemProxy */ = {
			isa = PBXContainerItemProxy;
			containerPortal = B76E0B442D84943A00450124 /* Project object */;
			proxyType = 1;
			remoteGlobalIDString = B76E0B4B2D84943A00450124;
			remoteInfo = BarakaJeux;
		};
/* End PBXContainerItemProxy section */

/* Begin PBXFileReference section */
		B7028EDC2D86430D00583A06 /* StockView.swift */ = {isa = PBXFileReference; lastKnownFileType = sourcecode.swift; path = StockView.swift; sourceTree = "<group>"; };
		B7028EDE2D8646FC00583A06 /* FinancialReportView.swift */ = {isa = PBXFileReference; lastKnownFileType = sourcecode.swift; path = FinancialReportView.swift; sourceTree = "<group>"; };
		B7028EE02D86E72600583A06 /* DepositViewModel.swift */ = {isa = PBXFileReference; lastKnownFileType = sourcecode.swift; path = DepositViewModel.swift; sourceTree = "<group>"; };
		B7028EE22D86E7CC00583A06 /* SearchBar.swift */ = {isa = PBXFileReference; lastKnownFileType = sourcecode.swift; path = SearchBar.swift; sourceTree = "<group>"; };
		B7028EE42D86F7F100583A06 /* AddGameModal.swift */ = {isa = PBXFileReference; lastKnownFileType = sourcecode.swift; path = AddGameModal.swift; sourceTree = "<group>"; };
		B7028EE62D8707BC00583A06 /* PaymentModal.swift */ = {isa = PBXFileReference; lastKnownFileType = sourcecode.swift; path = PaymentModal.swift; sourceTree = "<group>"; };
		B7028EE82D8707DC00583A06 /* SuccessView.swift */ = {isa = PBXFileReference; lastKnownFileType = sourcecode.swift; path = SuccessView.swift; sourceTree = "<group>"; };
		B7028EEA2D878D3E00583A06 /* AdminView.swift */ = {isa = PBXFileReference; lastKnownFileType = sourcecode.swift; path = AdminView.swift; sourceTree = "<group>"; };
		B7028EEC2D878D5900583A06 /* EventView.swift */ = {isa = PBXFileReference; lastKnownFileType = sourcecode.swift; path = EventView.swift; sourceTree = "<group>"; };
		B7028EEE2D878D6300583A06 /* UserView.swift */ = {isa = PBXFileReference; lastKnownFileType = sourcecode.swift; path = UserView.swift; sourceTree = "<group>"; };
		B7028EF02D878D7800583A06 /* GamesView.swift */ = {isa = PBXFileReference; lastKnownFileType = sourcecode.swift; path = GamesView.swift; sourceTree = "<group>"; };
		B7028EF22D878DD200583A06 /* SalesView.swift */ = {isa = PBXFileReference; lastKnownFileType = sourcecode.swift; path = SalesView.swift; sourceTree = "<group>"; };
		B7028EF62D878EAF00583A06 /* AdminViewModel.swift */ = {isa = PBXFileReference; lastKnownFileType = sourcecode.swift; path = AdminViewModel.swift; sourceTree = "<group>"; };
		B7028EF82D895F6C00583A06 /* EventListViewModel.swift */ = {isa = PBXFileReference; lastKnownFileType = sourcecode.swift; path = EventListViewModel.swift; sourceTree = "<group>"; };
		B7028EFA2D895F8700583A06 /* EventListView.swift */ = {isa = PBXFileReference; lastKnownFileType = sourcecode.swift; path = EventListView.swift; sourceTree = "<group>"; };
		B7028EFC2D895FE200583A06 /* EventViewModel.swift */ = {isa = PBXFileReference; lastKnownFileType = sourcecode.swift; path = EventViewModel.swift; sourceTree = "<group>"; };
		B7028EFE2D8AE56700583A06 /* UserListView.swift */ = {isa = PBXFileReference; lastKnownFileType = sourcecode.swift; path = UserListView.swift; sourceTree = "<group>"; };
		B7028F002D8C382F00583A06 /* UserListViewModel.swift */ = {isa = PBXFileReference; lastKnownFileType = sourcecode.swift; path = UserListViewModel.swift; sourceTree = "<group>"; };
		B7028F022D8C399300583A06 /* UserViewModel.swift */ = {isa = PBXFileReference; lastKnownFileType = sourcecode.swift; path = UserViewModel.swift; sourceTree = "<group>"; };
		B76E0B4C2D84943A00450124 /* BarakaJeux.app */ = {isa = PBXFileReference; explicitFileType = wrapper.application; includeInIndex = 0; path = BarakaJeux.app; sourceTree = BUILT_PRODUCTS_DIR; };
		B76E0B4F2D84943A00450124 /* BarakaJeuxApp.swift */ = {isa = PBXFileReference; lastKnownFileType = sourcecode.swift; path = BarakaJeuxApp.swift; sourceTree = "<group>"; };
		B76E0B512D84943A00450124 /* ContentView.swift */ = {isa = PBXFileReference; lastKnownFileType = sourcecode.swift; path = ContentView.swift; sourceTree = "<group>"; };
		B76E0B532D84943B00450124 /* Assets.xcassets */ = {isa = PBXFileReference; lastKnownFileType = folder.assetcatalog; path = Assets.xcassets; sourceTree = "<group>"; };
		B76E0B562D84943B00450124 /* Preview Assets.xcassets */ = {isa = PBXFileReference; lastKnownFileType = folder.assetcatalog; path = "Preview Assets.xcassets"; sourceTree = "<group>"; };
		B76E0B5C2D84943B00450124 /* BarakaJeuxTests.xctest */ = {isa = PBXFileReference; explicitFileType = wrapper.cfbundle; includeInIndex = 0; path = BarakaJeuxTests.xctest; sourceTree = BUILT_PRODUCTS_DIR; };
		B76E0B602D84943B00450124 /* BarakaJeuxTests.swift */ = {isa = PBXFileReference; lastKnownFileType = sourcecode.swift; path = BarakaJeuxTests.swift; sourceTree = "<group>"; };
		B76E0B662D84943B00450124 /* BarakaJeuxUITests.xctest */ = {isa = PBXFileReference; explicitFileType = wrapper.cfbundle; includeInIndex = 0; path = BarakaJeuxUITests.xctest; sourceTree = BUILT_PRODUCTS_DIR; };
		B76E0B6A2D84943B00450124 /* BarakaJeuxUITests.swift */ = {isa = PBXFileReference; lastKnownFileType = sourcecode.swift; path = BarakaJeuxUITests.swift; sourceTree = "<group>"; };
		B76E0B6C2D84943B00450124 /* BarakaJeuxUITestsLaunchTests.swift */ = {isa = PBXFileReference; lastKnownFileType = sourcecode.swift; path = BarakaJeuxUITestsLaunchTests.swift; sourceTree = "<group>"; };
		B76E0B7C2D849B8E00450124 /* LoginView.swift */ = {isa = PBXFileReference; lastKnownFileType = sourcecode.swift; path = LoginView.swift; sourceTree = "<group>"; };
		B76E0B822D85639800450124 /* HomeView.swift */ = {isa = PBXFileReference; lastKnownFileType = sourcecode.swift; path = HomeView.swift; sourceTree = "<group>"; };
		B76E0B852D85668500450124 /* JSONHelper.swift */ = {isa = PBXFileReference; lastKnownFileType = sourcecode.swift; path = JSONHelper.swift; sourceTree = "<group>"; };
		B76E0B882D85693600450124 /* LoginVIewModel.swift */ = {isa = PBXFileReference; lastKnownFileType = sourcecode.swift; path = LoginVIewModel.swift; sourceTree = "<group>"; };
		B76E0B8A2D856F0100450124 /* Info.plist */ = {isa = PBXFileReference; lastKnownFileType = text.plist; path = Info.plist; sourceTree = "<group>"; };
		B76E0B8C2D8574F400450124 /* DropdownMenu.swift */ = {isa = PBXFileReference; lastKnownFileType = sourcecode.swift; path = DropdownMenu.swift; sourceTree = "<group>"; };
		B76E0B8E2D8629A800450124 /* SellerSearchView.swift */ = {isa = PBXFileReference; lastKnownFileType = sourcecode.swift; path = SellerSearchView.swift; sourceTree = "<group>"; };
		B76E0B902D862C7300450124 /* SearchSellerVIewModel.swift */ = {isa = PBXFileReference; lastKnownFileType = sourcecode.swift; path = SearchSellerVIewModel.swift; sourceTree = "<group>"; };
		B76E0B932D862FF200450124 /* Report.swift */ = {isa = PBXFileReference; fileEncoding = 4; lastKnownFileType = sourcecode.swift; path = Report.swift; sourceTree = "<group>"; };
		B76E0B942D862FF200450124 /* Game.swift */ = {isa = PBXFileReference; fileEncoding = 4; lastKnownFileType = sourcecode.swift; path = Game.swift; sourceTree = "<group>"; };
		B76E0B952D862FF200450124 /* Event.swift */ = {isa = PBXFileReference; fileEncoding = 4; lastKnownFileType = sourcecode.swift; path = Event.swift; sourceTree = "<group>"; };
		B76E0B962D862FF200450124 /* Invoice.swift */ = {isa = PBXFileReference; fileEncoding = 4; lastKnownFileType = sourcecode.swift; path = Invoice.swift; sourceTree = "<group>"; };
		B76E0B972D862FF200450124 /* User.swift */ = {isa = PBXFileReference; fileEncoding = 4; lastKnownFileType = sourcecode.swift; path = User.swift; sourceTree = "<group>"; };
		B76E0B982D862FF200450124 /* Sale.swift */ = {isa = PBXFileReference; fileEncoding = 4; lastKnownFileType = sourcecode.swift; path = Sale.swift; sourceTree = "<group>"; };
		B76E0B992D862FF200450124 /* Stock.swift */ = {isa = PBXFileReference; fileEncoding = 4; lastKnownFileType = sourcecode.swift; path = Stock.swift; sourceTree = "<group>"; };
		B76E0B9A2D862FF200450124 /* GameLabel.swift */ = {isa = PBXFileReference; fileEncoding = 4; lastKnownFileType = sourcecode.swift; path = GameLabel.swift; sourceTree = "<group>"; };
		B76E0BA52D8630E900450124 /* DepositView.swift */ = {isa = PBXFileReference; lastKnownFileType = sourcecode.swift; path = DepositView.swift; sourceTree = "<group>"; };
		B76E0BA72D86311F00450124 /* NewSellerView.swift */ = {isa = PBXFileReference; lastKnownFileType = sourcecode.swift; path = NewSellerView.swift; sourceTree = "<group>"; };
/* End PBXFileReference section */

/* Begin PBXFrameworksBuildPhase section */
		B76E0B492D84943A00450124 /* Frameworks */ = {
			isa = PBXFrameworksBuildPhase;
			buildActionMask = 2147483647;
			files = (
			);
			runOnlyForDeploymentPostprocessing = 0;
		};
		B76E0B592D84943B00450124 /* Frameworks */ = {
			isa = PBXFrameworksBuildPhase;
			buildActionMask = 2147483647;
			files = (
			);
			runOnlyForDeploymentPostprocessing = 0;
		};
		B76E0B632D84943B00450124 /* Frameworks */ = {
			isa = PBXFrameworksBuildPhase;
			buildActionMask = 2147483647;
			files = (
			);
			runOnlyForDeploymentPostprocessing = 0;
		};
/* End PBXFrameworksBuildPhase section */

/* Begin PBXGroup section */
		B76E0B432D84943A00450124 = {
			isa = PBXGroup;
			children = (
				B76E0B4E2D84943A00450124 /* BarakaJeux */,
				B76E0B5F2D84943B00450124 /* BarakaJeuxTests */,
				B76E0B692D84943B00450124 /* BarakaJeuxUITests */,
				B76E0B4D2D84943A00450124 /* Products */,
			);
			sourceTree = "<group>";
		};
		B76E0B4D2D84943A00450124 /* Products */ = {
			isa = PBXGroup;
			children = (
				B76E0B4C2D84943A00450124 /* BarakaJeux.app */,
				B76E0B5C2D84943B00450124 /* BarakaJeuxTests.xctest */,
				B76E0B662D84943B00450124 /* BarakaJeuxUITests.xctest */,
			);
			name = Products;
			sourceTree = "<group>";
		};
		B76E0B4E2D84943A00450124 /* BarakaJeux */ = {
			isa = PBXGroup;
			children = (
				B76E0B922D862FF200450124 /* Model */,
				B76E0B8B2D8574DA00450124 /* items */,
				B76E0B8A2D856F0100450124 /* Info.plist */,
				B76E0B872D85692200450124 /* ModelView */,
				B76E0B842D85666700450124 /* JSON */,
				B76E0B7B2D84947700450124 /* View */,
				B76E0B4F2D84943A00450124 /* BarakaJeuxApp.swift */,
				B76E0B512D84943A00450124 /* ContentView.swift */,
				B76E0B532D84943B00450124 /* Assets.xcassets */,
				B76E0B552D84943B00450124 /* Preview Content */,
			);
			path = BarakaJeux;
			sourceTree = "<group>";
		};
		B76E0B552D84943B00450124 /* Preview Content */ = {
			isa = PBXGroup;
			children = (
				B76E0B562D84943B00450124 /* Preview Assets.xcassets */,
			);
			path = "Preview Content";
			sourceTree = "<group>";
		};
		B76E0B5F2D84943B00450124 /* BarakaJeuxTests */ = {
			isa = PBXGroup;
			children = (
				B76E0B602D84943B00450124 /* BarakaJeuxTests.swift */,
			);
			path = BarakaJeuxTests;
			sourceTree = "<group>";
		};
		B76E0B692D84943B00450124 /* BarakaJeuxUITests */ = {
			isa = PBXGroup;
			children = (
				B76E0B6A2D84943B00450124 /* BarakaJeuxUITests.swift */,
				B76E0B6C2D84943B00450124 /* BarakaJeuxUITestsLaunchTests.swift */,
			);
			path = BarakaJeuxUITests;
			sourceTree = "<group>";
		};
		B76E0B7B2D84947700450124 /* View */ = {
			isa = PBXGroup;
			children = (
				B76E0B7C2D849B8E00450124 /* LoginView.swift */,
				B76E0B822D85639800450124 /* HomeView.swift */,
				B76E0B8E2D8629A800450124 /* SellerSearchView.swift */,
				B76E0BA52D8630E900450124 /* DepositView.swift */,
				B76E0BA72D86311F00450124 /* NewSellerView.swift */,
				B7028EDC2D86430D00583A06 /* StockView.swift */,
				B7028EDE2D8646FC00583A06 /* FinancialReportView.swift */,
				B7028EE82D8707DC00583A06 /* SuccessView.swift */,
				B7028EEA2D878D3E00583A06 /* AdminView.swift */,
				B7028EEC2D878D5900583A06 /* EventView.swift */,
				B7028EEE2D878D6300583A06 /* UserView.swift */,
				B7028EF02D878D7800583A06 /* GamesView.swift */,
				B7028EF22D878DD200583A06 /* SalesView.swift */,
				B7028EFA2D895F8700583A06 /* EventListView.swift */,
				B7028EFE2D8AE56700583A06 /* UserListView.swift */,
			);
			path = View;
			sourceTree = "<group>";
		};
		B76E0B842D85666700450124 /* JSON */ = {
			isa = PBXGroup;
			children = (
				B76E0B852D85668500450124 /* JSONHelper.swift */,
			);
			path = JSON;
			sourceTree = "<group>";
		};
		B76E0B872D85692200450124 /* ModelView */ = {
			isa = PBXGroup;
			children = (
				B76E0B882D85693600450124 /* LoginVIewModel.swift */,
				B76E0B902D862C7300450124 /* SearchSellerVIewModel.swift */,
				B7028EE02D86E72600583A06 /* DepositViewModel.swift */,
				B7028EF62D878EAF00583A06 /* AdminViewModel.swift */,
				B7028EF82D895F6C00583A06 /* EventListViewModel.swift */,
				B7028EFC2D895FE200583A06 /* EventViewModel.swift */,
				B7028F002D8C382F00583A06 /* UserListViewModel.swift */,
				B7028F022D8C399300583A06 /* UserViewModel.swift */,
			);
			path = ModelView;
			sourceTree = "<group>";
		};
		B76E0B8B2D8574DA00450124 /* items */ = {
			isa = PBXGroup;
			children = (
				B76E0B8C2D8574F400450124 /* DropdownMenu.swift */,
				B7028EE22D86E7CC00583A06 /* SearchBar.swift */,
				B7028EE42D86F7F100583A06 /* AddGameModal.swift */,
				B7028EE62D8707BC00583A06 /* PaymentModal.swift */,
			);
			path = items;
			sourceTree = "<group>";
		};
		B76E0B922D862FF200450124 /* Model */ = {
			isa = PBXGroup;
			children = (
				B76E0B932D862FF200450124 /* Report.swift */,
				B76E0B942D862FF200450124 /* Game.swift */,
				B76E0B952D862FF200450124 /* Event.swift */,
				B76E0B962D862FF200450124 /* Invoice.swift */,
				B76E0B972D862FF200450124 /* User.swift */,
				B76E0B982D862FF200450124 /* Sale.swift */,
				B76E0B992D862FF200450124 /* Stock.swift */,
				B76E0B9A2D862FF200450124 /* GameLabel.swift */,
			);
			path = Model;
			sourceTree = "<group>";
		};
/* End PBXGroup section */

/* Begin PBXNativeTarget section */
		B76E0B4B2D84943A00450124 /* BarakaJeux */ = {
			isa = PBXNativeTarget;
			buildConfigurationList = B76E0B702D84943B00450124 /* Build configuration list for PBXNativeTarget "BarakaJeux" */;
			buildPhases = (
				B76E0B482D84943A00450124 /* Sources */,
				B76E0B492D84943A00450124 /* Frameworks */,
				B76E0B4A2D84943A00450124 /* Resources */,
			);
			buildRules = (
			);
			dependencies = (
			);
			name = BarakaJeux;
			productName = BarakaJeux;
			productReference = B76E0B4C2D84943A00450124 /* BarakaJeux.app */;
			productType = "com.apple.product-type.application";
		};
		B76E0B5B2D84943B00450124 /* BarakaJeuxTests */ = {
			isa = PBXNativeTarget;
			buildConfigurationList = B76E0B732D84943B00450124 /* Build configuration list for PBXNativeTarget "BarakaJeuxTests" */;
			buildPhases = (
				B76E0B582D84943B00450124 /* Sources */,
				B76E0B592D84943B00450124 /* Frameworks */,
				B76E0B5A2D84943B00450124 /* Resources */,
			);
			buildRules = (
			);
			dependencies = (
				B76E0B5E2D84943B00450124 /* PBXTargetDependency */,
			);
			name = BarakaJeuxTests;
			productName = BarakaJeuxTests;
			productReference = B76E0B5C2D84943B00450124 /* BarakaJeuxTests.xctest */;
			productType = "com.apple.product-type.bundle.unit-test";
		};
		B76E0B652D84943B00450124 /* BarakaJeuxUITests */ = {
			isa = PBXNativeTarget;
			buildConfigurationList = B76E0B762D84943B00450124 /* Build configuration list for PBXNativeTarget "BarakaJeuxUITests" */;
			buildPhases = (
				B76E0B622D84943B00450124 /* Sources */,
				B76E0B632D84943B00450124 /* Frameworks */,
				B76E0B642D84943B00450124 /* Resources */,
			);
			buildRules = (
			);
			dependencies = (
				B76E0B682D84943B00450124 /* PBXTargetDependency */,
			);
			name = BarakaJeuxUITests;
			productName = BarakaJeuxUITests;
			productReference = B76E0B662D84943B00450124 /* BarakaJeuxUITests.xctest */;
			productType = "com.apple.product-type.bundle.ui-testing";
		};
/* End PBXNativeTarget section */

/* Begin PBXProject section */
		B76E0B442D84943A00450124 /* Project object */ = {
			isa = PBXProject;
			attributes = {
				BuildIndependentTargetsInParallel = 1;
				LastSwiftUpdateCheck = 1420;
				LastUpgradeCheck = 1420;
				TargetAttributes = {
					B76E0B4B2D84943A00450124 = {
						CreatedOnToolsVersion = 14.2;
					};
					B76E0B5B2D84943B00450124 = {
						CreatedOnToolsVersion = 14.2;
						TestTargetID = B76E0B4B2D84943A00450124;
					};
					B76E0B652D84943B00450124 = {
						CreatedOnToolsVersion = 14.2;
						TestTargetID = B76E0B4B2D84943A00450124;
					};
				};
			};
			buildConfigurationList = B76E0B472D84943A00450124 /* Build configuration list for PBXProject "BarakaJeux" */;
			compatibilityVersion = "Xcode 14.0";
			developmentRegion = en;
			hasScannedForEncodings = 0;
			knownRegions = (
				en,
				Base,
			);
			mainGroup = B76E0B432D84943A00450124;
			productRefGroup = B76E0B4D2D84943A00450124 /* Products */;
			projectDirPath = "";
			projectRoot = "";
			targets = (
				B76E0B4B2D84943A00450124 /* BarakaJeux */,
				B76E0B5B2D84943B00450124 /* BarakaJeuxTests */,
				B76E0B652D84943B00450124 /* BarakaJeuxUITests */,
			);
		};
/* End PBXProject section */

/* Begin PBXResourcesBuildPhase section */
		B76E0B4A2D84943A00450124 /* Resources */ = {
			isa = PBXResourcesBuildPhase;
			buildActionMask = 2147483647;
			files = (
				B76E0B572D84943B00450124 /* Preview Assets.xcassets in Resources */,
				B76E0B542D84943B00450124 /* Assets.xcassets in Resources */,
			);
			runOnlyForDeploymentPostprocessing = 0;
		};
		B76E0B5A2D84943B00450124 /* Resources */ = {
			isa = PBXResourcesBuildPhase;
			buildActionMask = 2147483647;
			files = (
			);
			runOnlyForDeploymentPostprocessing = 0;
		};
		B76E0B642D84943B00450124 /* Resources */ = {
			isa = PBXResourcesBuildPhase;
			buildActionMask = 2147483647;
			files = (
			);
			runOnlyForDeploymentPostprocessing = 0;
		};
/* End PBXResourcesBuildPhase section */

/* Begin PBXSourcesBuildPhase section */
		B76E0B482D84943A00450124 /* Sources */ = {
			isa = PBXSourcesBuildPhase;
			buildActionMask = 2147483647;
			files = (
				B76E0B7D2D849B8E00450124 /* LoginView.swift in Sources */,
				B76E0B9B2D862FF200450124 /* Report.swift in Sources */,
				B7028F012D8C382F00583A06 /* UserListViewModel.swift in Sources */,
				B76E0B8F2D8629A800450124 /* SellerSearchView.swift in Sources */,
				B7028EEF2D878D6300583A06 /* UserView.swift in Sources */,
				B7028EF72D878EAF00583A06 /* AdminViewModel.swift in Sources */,
				B76E0B832D85639800450124 /* HomeView.swift in Sources */,
				B7028EE92D8707DC00583A06 /* SuccessView.swift in Sources */,
				B76E0B9D2D862FF200450124 /* Event.swift in Sources */,
				B7028EDD2D86430D00583A06 /* StockView.swift in Sources */,
				B76E0B522D84943A00450124 /* ContentView.swift in Sources */,
				B76E0B9F2D862FF200450124 /* User.swift in Sources */,
				B76E0B9E2D862FF200450124 /* Invoice.swift in Sources */,
				B7028F032D8C399300583A06 /* UserViewModel.swift in Sources */,
				B7028EE12D86E72600583A06 /* DepositViewModel.swift in Sources */,
				B7028EF12D878D7800583A06 /* GamesView.swift in Sources */,
				B76E0BA82D86311F00450124 /* NewSellerView.swift in Sources */,
				B76E0B502D84943A00450124 /* BarakaJeuxApp.swift in Sources */,
				B7028EDF2D8646FD00583A06 /* FinancialReportView.swift in Sources */,
				B7028EE52D86F7F100583A06 /* AddGameModal.swift in Sources */,
				B7028EED2D878D5900583A06 /* EventView.swift in Sources */,
				B7028EFF2D8AE56700583A06 /* UserListView.swift in Sources */,
				B76E0B9C2D862FF200450124 /* Game.swift in Sources */,
				B7028EF32D878DD200583A06 /* SalesView.swift in Sources */,
				B7028EF92D895F6C00583A06 /* EventListViewModel.swift in Sources */,
				B76E0BA22D862FF200450124 /* GameLabel.swift in Sources */,
				B7028EEB2D878D3E00583A06 /* AdminView.swift in Sources */,
				B76E0BA12D862FF200450124 /* Stock.swift in Sources */,
				B7028EE32D86E7CC00583A06 /* SearchBar.swift in Sources */,
				B76E0BA62D8630E900450124 /* DepositView.swift in Sources */,
				B7028EE72D8707BC00583A06 /* PaymentModal.swift in Sources */,
				B76E0B912D862C7300450124 /* SearchSellerVIewModel.swift in Sources */,
				B76E0B892D85693600450124 /* LoginVIewModel.swift in Sources */,
				B76E0B862D85668500450124 /* JSONHelper.swift in Sources */,
				B76E0BA02D862FF200450124 /* Sale.swift in Sources */,
				B76E0B8D2D8574F400450124 /* DropdownMenu.swift in Sources */,
				B7028EFD2D895FE200583A06 /* EventViewModel.swift in Sources */,
				B7028EFB2D895F8700583A06 /* EventListView.swift in Sources */,
			);
			runOnlyForDeploymentPostprocessing = 0;
		};
		B76E0B582D84943B00450124 /* Sources */ = {
			isa = PBXSourcesBuildPhase;
			buildActionMask = 2147483647;
			files = (
				B76E0B612D84943B00450124 /* BarakaJeuxTests.swift in Sources */,
			);
			runOnlyForDeploymentPostprocessing = 0;
		};
		B76E0B622D84943B00450124 /* Sources */ = {
			isa = PBXSourcesBuildPhase;
			buildActionMask = 2147483647;
			files = (
				B76E0B6D2D84943B00450124 /* BarakaJeuxUITestsLaunchTests.swift in Sources */,
				B76E0B6B2D84943B00450124 /* BarakaJeuxUITests.swift in Sources */,
			);
			runOnlyForDeploymentPostprocessing = 0;
		};
/* End PBXSourcesBuildPhase section */

/* Begin PBXTargetDependency section */
		B76E0B5E2D84943B00450124 /* PBXTargetDependency */ = {
			isa = PBXTargetDependency;
			target = B76E0B4B2D84943A00450124 /* BarakaJeux */;
			targetProxy = B76E0B5D2D84943B00450124 /* PBXContainerItemProxy */;
		};
		B76E0B682D84943B00450124 /* PBXTargetDependency */ = {
			isa = PBXTargetDependency;
			target = B76E0B4B2D84943A00450124 /* BarakaJeux */;
			targetProxy = B76E0B672D84943B00450124 /* PBXContainerItemProxy */;
		};
/* End PBXTargetDependency section */

/* Begin XCBuildConfiguration section */
		B76E0B6E2D84943B00450124 /* Debug */ = {
			isa = XCBuildConfiguration;
			buildSettings = {
				ALWAYS_SEARCH_USER_PATHS = NO;
				CLANG_ANALYZER_NONNULL = YES;
				CLANG_ANALYZER_NUMBER_OBJECT_CONVERSION = YES_AGGRESSIVE;
				CLANG_CXX_LANGUAGE_STANDARD = "gnu++20";
				CLANG_ENABLE_MODULES = YES;
				CLANG_ENABLE_OBJC_ARC = YES;
				CLANG_ENABLE_OBJC_WEAK = YES;
				CLANG_WARN_BLOCK_CAPTURE_AUTORELEASING = YES;
				CLANG_WARN_BOOL_CONVERSION = YES;
				CLANG_WARN_COMMA = YES;
				CLANG_WARN_CONSTANT_CONVERSION = YES;
				CLANG_WARN_DEPRECATED_OBJC_IMPLEMENTATIONS = YES;
				CLANG_WARN_DIRECT_OBJC_ISA_USAGE = YES_ERROR;
				CLANG_WARN_DOCUMENTATION_COMMENTS = YES;
				CLANG_WARN_EMPTY_BODY = YES;
				CLANG_WARN_ENUM_CONVERSION = YES;
				CLANG_WARN_INFINITE_RECURSION = YES;
				CLANG_WARN_INT_CONVERSION = YES;
				CLANG_WARN_NON_LITERAL_NULL_CONVERSION = YES;
				CLANG_WARN_OBJC_IMPLICIT_RETAIN_SELF = YES;
				CLANG_WARN_OBJC_LITERAL_CONVERSION = YES;
				CLANG_WARN_OBJC_ROOT_CLASS = YES_ERROR;
				CLANG_WARN_QUOTED_INCLUDE_IN_FRAMEWORK_HEADER = YES;
				CLANG_WARN_RANGE_LOOP_ANALYSIS = YES;
				CLANG_WARN_STRICT_PROTOTYPES = YES;
				CLANG_WARN_SUSPICIOUS_MOVE = YES;
				CLANG_WARN_UNGUARDED_AVAILABILITY = YES_AGGRESSIVE;
				CLANG_WARN_UNREACHABLE_CODE = YES;
				CLANG_WARN__DUPLICATE_METHOD_MATCH = YES;
				COPY_PHASE_STRIP = NO;
				DEBUG_INFORMATION_FORMAT = dwarf;
				ENABLE_STRICT_OBJC_MSGSEND = YES;
				ENABLE_TESTABILITY = YES;
				GCC_C_LANGUAGE_STANDARD = gnu11;
				GCC_DYNAMIC_NO_PIC = NO;
				GCC_NO_COMMON_BLOCKS = YES;
				GCC_OPTIMIZATION_LEVEL = 0;
				GCC_PREPROCESSOR_DEFINITIONS = (
					"DEBUG=1",
					"$(inherited)",
				);
				GCC_WARN_64_TO_32_BIT_CONVERSION = YES;
				GCC_WARN_ABOUT_RETURN_TYPE = YES_ERROR;
				GCC_WARN_UNDECLARED_SELECTOR = YES;
				GCC_WARN_UNINITIALIZED_AUTOS = YES_AGGRESSIVE;
				GCC_WARN_UNUSED_FUNCTION = YES;
				GCC_WARN_UNUSED_VARIABLE = YES;
				IPHONEOS_DEPLOYMENT_TARGET = 16.2;
				MTL_ENABLE_DEBUG_INFO = INCLUDE_SOURCE;
				MTL_FAST_MATH = YES;
				ONLY_ACTIVE_ARCH = YES;
				SDKROOT = iphoneos;
				SWIFT_ACTIVE_COMPILATION_CONDITIONS = DEBUG;
				SWIFT_OPTIMIZATION_LEVEL = "-Onone";
			};
			name = Debug;
		};
		B76E0B6F2D84943B00450124 /* Release */ = {
			isa = XCBuildConfiguration;
			buildSettings = {
				ALWAYS_SEARCH_USER_PATHS = NO;
				CLANG_ANALYZER_NONNULL = YES;
				CLANG_ANALYZER_NUMBER_OBJECT_CONVERSION = YES_AGGRESSIVE;
				CLANG_CXX_LANGUAGE_STANDARD = "gnu++20";
				CLANG_ENABLE_MODULES = YES;
				CLANG_ENABLE_OBJC_ARC = YES;
				CLANG_ENABLE_OBJC_WEAK = YES;
				CLANG_WARN_BLOCK_CAPTURE_AUTORELEASING = YES;
				CLANG_WARN_BOOL_CONVERSION = YES;
				CLANG_WARN_COMMA = YES;
				CLANG_WARN_CONSTANT_CONVERSION = YES;
				CLANG_WARN_DEPRECATED_OBJC_IMPLEMENTATIONS = YES;
				CLANG_WARN_DIRECT_OBJC_ISA_USAGE = YES_ERROR;
				CLANG_WARN_DOCUMENTATION_COMMENTS = YES;
				CLANG_WARN_EMPTY_BODY = YES;
				CLANG_WARN_ENUM_CONVERSION = YES;
				CLANG_WARN_INFINITE_RECURSION = YES;
				CLANG_WARN_INT_CONVERSION = YES;
				CLANG_WARN_NON_LITERAL_NULL_CONVERSION = YES;
				CLANG_WARN_OBJC_IMPLICIT_RETAIN_SELF = YES;
				CLANG_WARN_OBJC_LITERAL_CONVERSION = YES;
				CLANG_WARN_OBJC_ROOT_CLASS = YES_ERROR;
				CLANG_WARN_QUOTED_INCLUDE_IN_FRAMEWORK_HEADER = YES;
				CLANG_WARN_RANGE_LOOP_ANALYSIS = YES;
				CLANG_WARN_STRICT_PROTOTYPES = YES;
				CLANG_WARN_SUSPICIOUS_MOVE = YES;
				CLANG_WARN_UNGUARDED_AVAILABILITY = YES_AGGRESSIVE;
				CLANG_WARN_UNREACHABLE_CODE = YES;
				CLANG_WARN__DUPLICATE_METHOD_MATCH = YES;
				COPY_PHASE_STRIP = NO;
				DEBUG_INFORMATION_FORMAT = "dwarf-with-dsym";
				ENABLE_NS_ASSERTIONS = NO;
				ENABLE_STRICT_OBJC_MSGSEND = YES;
				GCC_C_LANGUAGE_STANDARD = gnu11;
				GCC_NO_COMMON_BLOCKS = YES;
				GCC_WARN_64_TO_32_BIT_CONVERSION = YES;
				GCC_WARN_ABOUT_RETURN_TYPE = YES_ERROR;
				GCC_WARN_UNDECLARED_SELECTOR = YES;
				GCC_WARN_UNINITIALIZED_AUTOS = YES_AGGRESSIVE;
				GCC_WARN_UNUSED_FUNCTION = YES;
				GCC_WARN_UNUSED_VARIABLE = YES;
				IPHONEOS_DEPLOYMENT_TARGET = 16.2;
				MTL_ENABLE_DEBUG_INFO = NO;
				MTL_FAST_MATH = YES;
				SDKROOT = iphoneos;
				SWIFT_COMPILATION_MODE = wholemodule;
				SWIFT_OPTIMIZATION_LEVEL = "-O";
				VALIDATE_PRODUCT = YES;
			};
			name = Release;
		};
		B76E0B712D84943B00450124 /* Debug */ = {
			isa = XCBuildConfiguration;
			buildSettings = {
				ASSETCATALOG_COMPILER_APPICON_NAME = AppIcon;
				ASSETCATALOG_COMPILER_GLOBAL_ACCENT_COLOR_NAME = AccentColor;
				CODE_SIGN_STYLE = Automatic;
				CURRENT_PROJECT_VERSION = 1;
				DEVELOPMENT_ASSET_PATHS = "\"BarakaJeux/Preview Content\"";
				ENABLE_PREVIEWS = YES;
				GENERATE_INFOPLIST_FILE = YES;
				INFOPLIST_FILE = BarakaJeux/Info.plist;
				INFOPLIST_KEY_UIApplicationSceneManifest_Generation = YES;
				INFOPLIST_KEY_UIApplicationSupportsIndirectInputEvents = YES;
				INFOPLIST_KEY_UILaunchScreen_Generation = YES;
				INFOPLIST_KEY_UISupportedInterfaceOrientations_iPad = "UIInterfaceOrientationPortrait UIInterfaceOrientationPortraitUpsideDown UIInterfaceOrientationLandscapeLeft UIInterfaceOrientationLandscapeRight";
				INFOPLIST_KEY_UISupportedInterfaceOrientations_iPhone = "UIInterfaceOrientationPortrait UIInterfaceOrientationLandscapeLeft UIInterfaceOrientationLandscapeRight";
				LD_RUNPATH_SEARCH_PATHS = (
					"$(inherited)",
					"@executable_path/Frameworks",
				);
				MARKETING_VERSION = 1.0;
				PRODUCT_BUNDLE_IDENTIFIER = yanisjalil.BarakaJeux;
				PRODUCT_NAME = "$(TARGET_NAME)";
				SWIFT_EMIT_LOC_STRINGS = YES;
				SWIFT_VERSION = 5.0;
				TARGETED_DEVICE_FAMILY = "1,2";
			};
			name = Debug;
		};
		B76E0B722D84943B00450124 /* Release */ = {
			isa = XCBuildConfiguration;
			buildSettings = {
				ASSETCATALOG_COMPILER_APPICON_NAME = AppIcon;
				ASSETCATALOG_COMPILER_GLOBAL_ACCENT_COLOR_NAME = AccentColor;
				CODE_SIGN_STYLE = Automatic;
				CURRENT_PROJECT_VERSION = 1;
				DEVELOPMENT_ASSET_PATHS = "\"BarakaJeux/Preview Content\"";
				ENABLE_PREVIEWS = YES;
				GENERATE_INFOPLIST_FILE = YES;
				INFOPLIST_FILE = BarakaJeux/Info.plist;
				INFOPLIST_KEY_UIApplicationSceneManifest_Generation = YES;
				INFOPLIST_KEY_UIApplicationSupportsIndirectInputEvents = YES;
				INFOPLIST_KEY_UILaunchScreen_Generation = YES;
				INFOPLIST_KEY_UISupportedInterfaceOrientations_iPad = "UIInterfaceOrientationPortrait UIInterfaceOrientationPortraitUpsideDown UIInterfaceOrientationLandscapeLeft UIInterfaceOrientationLandscapeRight";
				INFOPLIST_KEY_UISupportedInterfaceOrientations_iPhone = "UIInterfaceOrientationPortrait UIInterfaceOrientationLandscapeLeft UIInterfaceOrientationLandscapeRight";
				LD_RUNPATH_SEARCH_PATHS = (
					"$(inherited)",
					"@executable_path/Frameworks",
				);
				MARKETING_VERSION = 1.0;
				PRODUCT_BUNDLE_IDENTIFIER = yanisjalil.BarakaJeux;
				PRODUCT_NAME = "$(TARGET_NAME)";
				SWIFT_EMIT_LOC_STRINGS = YES;
				SWIFT_VERSION = 5.0;
				TARGETED_DEVICE_FAMILY = "1,2";
			};
			name = Release;
		};
		B76E0B742D84943B00450124 /* Debug */ = {
			isa = XCBuildConfiguration;
			buildSettings = {
				ALWAYS_EMBED_SWIFT_STANDARD_LIBRARIES = YES;
				BUNDLE_LOADER = "$(TEST_HOST)";
				CODE_SIGN_STYLE = Automatic;
				CURRENT_PROJECT_VERSION = 1;
				GENERATE_INFOPLIST_FILE = YES;
				IPHONEOS_DEPLOYMENT_TARGET = 16.2;
				MARKETING_VERSION = 1.0;
				PRODUCT_BUNDLE_IDENTIFIER = yanisjalil.BarakaJeuxTests;
				PRODUCT_NAME = "$(TARGET_NAME)";
				SWIFT_EMIT_LOC_STRINGS = NO;
				SWIFT_VERSION = 5.0;
				TARGETED_DEVICE_FAMILY = "1,2";
				TEST_HOST = "$(BUILT_PRODUCTS_DIR)/BarakaJeux.app/$(BUNDLE_EXECUTABLE_FOLDER_PATH)/BarakaJeux";
			};
			name = Debug;
		};
		B76E0B752D84943B00450124 /* Release */ = {
			isa = XCBuildConfiguration;
			buildSettings = {
				ALWAYS_EMBED_SWIFT_STANDARD_LIBRARIES = YES;
				BUNDLE_LOADER = "$(TEST_HOST)";
				CODE_SIGN_STYLE = Automatic;
				CURRENT_PROJECT_VERSION = 1;
				GENERATE_INFOPLIST_FILE = YES;
				IPHONEOS_DEPLOYMENT_TARGET = 16.2;
				MARKETING_VERSION = 1.0;
				PRODUCT_BUNDLE_IDENTIFIER = yanisjalil.BarakaJeuxTests;
				PRODUCT_NAME = "$(TARGET_NAME)";
				SWIFT_EMIT_LOC_STRINGS = NO;
				SWIFT_VERSION = 5.0;
				TARGETED_DEVICE_FAMILY = "1,2";
				TEST_HOST = "$(BUILT_PRODUCTS_DIR)/BarakaJeux.app/$(BUNDLE_EXECUTABLE_FOLDER_PATH)/BarakaJeux";
			};
			name = Release;
		};
		B76E0B772D84943B00450124 /* Debug */ = {
			isa = XCBuildConfiguration;
			buildSettings = {
				ALWAYS_EMBED_SWIFT_STANDARD_LIBRARIES = YES;
				CODE_SIGN_STYLE = Automatic;
				CURRENT_PROJECT_VERSION = 1;
				GENERATE_INFOPLIST_FILE = YES;
				MARKETING_VERSION = 1.0;
				PRODUCT_BUNDLE_IDENTIFIER = yanisjalil.BarakaJeuxUITests;
				PRODUCT_NAME = "$(TARGET_NAME)";
				SWIFT_EMIT_LOC_STRINGS = NO;
				SWIFT_VERSION = 5.0;
				TARGETED_DEVICE_FAMILY = "1,2";
				TEST_TARGET_NAME = BarakaJeux;
			};
			name = Debug;
		};
		B76E0B782D84943B00450124 /* Release */ = {
			isa = XCBuildConfiguration;
			buildSettings = {
				ALWAYS_EMBED_SWIFT_STANDARD_LIBRARIES = YES;
				CODE_SIGN_STYLE = Automatic;
				CURRENT_PROJECT_VERSION = 1;
				GENERATE_INFOPLIST_FILE = YES;
				MARKETING_VERSION = 1.0;
				PRODUCT_BUNDLE_IDENTIFIER = yanisjalil.BarakaJeuxUITests;
				PRODUCT_NAME = "$(TARGET_NAME)";
				SWIFT_EMIT_LOC_STRINGS = NO;
				SWIFT_VERSION = 5.0;
				TARGETED_DEVICE_FAMILY = "1,2";
				TEST_TARGET_NAME = BarakaJeux;
			};
			name = Release;
		};
/* End XCBuildConfiguration section */

/* Begin XCConfigurationList section */
		B76E0B472D84943A00450124 /* Build configuration list for PBXProject "BarakaJeux" */ = {
			isa = XCConfigurationList;
			buildConfigurations = (
				B76E0B6E2D84943B00450124 /* Debug */,
				B76E0B6F2D84943B00450124 /* Release */,
			);
			defaultConfigurationIsVisible = 0;
			defaultConfigurationName = Release;
		};
		B76E0B702D84943B00450124 /* Build configuration list for PBXNativeTarget "BarakaJeux" */ = {
			isa = XCConfigurationList;
			buildConfigurations = (
				B76E0B712D84943B00450124 /* Debug */,
				B76E0B722D84943B00450124 /* Release */,
			);
			defaultConfigurationIsVisible = 0;
			defaultConfigurationName = Release;
		};
		B76E0B732D84943B00450124 /* Build configuration list for PBXNativeTarget "BarakaJeuxTests" */ = {
			isa = XCConfigurationList;
			buildConfigurations = (
				B76E0B742D84943B00450124 /* Debug */,
				B76E0B752D84943B00450124 /* Release */,
			);
			defaultConfigurationIsVisible = 0;
			defaultConfigurationName = Release;
		};
		B76E0B762D84943B00450124 /* Build configuration list for PBXNativeTarget "BarakaJeuxUITests" */ = {
			isa = XCConfigurationList;
			buildConfigurations = (
				B76E0B772D84943B00450124 /* Debug */,
				B76E0B782D84943B00450124 /* Release */,
			);
			defaultConfigurationIsVisible = 0;
			defaultConfigurationName = Release;
		};
/* End XCConfigurationList section */
	};
	rootObject = B76E0B442D84943A00450124 /* Project object */;
}
